// !$*UTF8*$!
{
	archiveVersion = 1;
	classes = {
	};
	objectVersion = 50;
	objects = {

/* Begin PBXBuildFile section */
		C3C9BA9125FE45A10016537B /* demoAppApp.swift in Sources */ = {isa = PBXBuildFile; fileRef = C3C9BA9025FE45A10016537B /* demoAppApp.swift */; };
		C3C9BA9325FE45A10016537B /* ContentView.swift in Sources */ = {isa = PBXBuildFile; fileRef = C3C9BA9225FE45A10016537B /* ContentView.swift */; };
		C3C9BA9525FE45A30016537B /* Assets.xcassets in Resources */ = {isa = PBXBuildFile; fileRef = C3C9BA9425FE45A30016537B /* Assets.xcassets */; };
		C3C9BA9825FE45A30016537B /* Preview Assets.xcassets in Resources */ = {isa = PBXBuildFile; fileRef = C3C9BA9725FE45A30016537B /* Preview Assets.xcassets */; };
		C3C9BAA325FE45A30016537B /* demoAppTests.swift in Sources */ = {isa = PBXBuildFile; fileRef = C3C9BAA225FE45A30016537B /* demoAppTests.swift */; };
		C3C9BAAE25FE45A30016537B /* demoAppUITests.swift in Sources */ = {isa = PBXBuildFile; fileRef = C3C9BAAD25FE45A30016537B /* demoAppUITests.swift */; };
		C3C9BAC925FE460E0016537B /* OSLogHelper.framework in Frameworks */ = {isa = PBXBuildFile; fileRef = C3C9BAC825FE460E0016537B /* OSLogHelper.framework */; };
		C3C9BACA25FE460E0016537B /* OSLogHelper.framework in Embed Frameworks */ = {isa = PBXBuildFile; fileRef = C3C9BAC825FE460E0016537B /* OSLogHelper.framework */; settings = {ATTRIBUTES = (CodeSignOnCopy, RemoveHeadersOnCopy, ); }; };
/* End PBXBuildFile section */

/* Begin PBXContainerItemProxy section */
		C3C9BA9F25FE45A30016537B /* PBXContainerItemProxy */ = {
			isa = PBXContainerItemProxy;
			containerPortal = C3C9BA8525FE45A10016537B /* Project object */;
			proxyType = 1;
			remoteGlobalIDString = C3C9BA8C25FE45A10016537B;
			remoteInfo = demoApp;
		};
		C3C9BAAA25FE45A30016537B /* PBXContainerItemProxy */ = {
			isa = PBXContainerItemProxy;
			containerPortal = C3C9BA8525FE45A10016537B /* Project object */;
			proxyType = 1;
			remoteGlobalIDString = C3C9BA8C25FE45A10016537B;
			remoteInfo = demoApp;
		};
/* End PBXContainerItemProxy section */

/* Begin PBXCopyFilesBuildPhase section */
		C3C9BACB25FE460E0016537B /* Embed Frameworks */ = {
			isa = PBXCopyFilesBuildPhase;
			buildActionMask = 2147483647;
			dstPath = "";
			dstSubfolderSpec = 10;
			files = (
				C3C9BACA25FE460E0016537B /* OSLogHelper.framework in Embed Frameworks */,
			);
			name = "Embed Frameworks";
			runOnlyForDeploymentPostprocessing = 0;
		};
/* End PBXCopyFilesBuildPhase section */

/* Begin PBXFileReference section */
		C3C9BA8D25FE45A10016537B /* demoApp.app */ = {isa = PBXFileReference; explicitFileType = wrapper.application; includeInIndex = 0; path = demoApp.app; sourceTree = BUILT_PRODUCTS_DIR; };
		C3C9BA9025FE45A10016537B /* demoAppApp.swift */ = {isa = PBXFileReference; lastKnownFileType = sourcecode.swift; path = demoAppApp.swift; sourceTree = "<group>"; };
		C3C9BA9225FE45A10016537B /* ContentView.swift */ = {isa = PBXFileReference; lastKnownFileType = sourcecode.swift; path = ContentView.swift; sourceTree = "<group>"; };
		C3C9BA9425FE45A30016537B /* Assets.xcassets */ = {isa = PBXFileReference; lastKnownFileType = folder.assetcatalog; path = Assets.xcassets; sourceTree = "<group>"; };
		C3C9BA9725FE45A30016537B /* Preview Assets.xcassets */ = {isa = PBXFileReference; lastKnownFileType = folder.assetcatalog; path = "Preview Assets.xcassets"; sourceTree = "<group>"; };
		C3C9BA9925FE45A30016537B /* Info.plist */ = {isa = PBXFileReference; lastKnownFileType = text.plist.xml; path = Info.plist; sourceTree = "<group>"; };
		C3C9BA9E25FE45A30016537B /* demoAppTests.xctest */ = {isa = PBXFileReference; explicitFileType = wrapper.cfbundle; includeInIndex = 0; path = demoAppTests.xctest; sourceTree = BUILT_PRODUCTS_DIR; };
		C3C9BAA225FE45A30016537B /* demoAppTests.swift */ = {isa = PBXFileReference; lastKnownFileType = sourcecode.swift; path = demoAppTests.swift; sourceTree = "<group>"; };
		C3C9BAA425FE45A30016537B /* Info.plist */ = {isa = PBXFileReference; lastKnownFileType = text.plist.xml; path = Info.plist; sourceTree = "<group>"; };
		C3C9BAA925FE45A30016537B /* demoAppUITests.xctest */ = {isa = PBXFileReference; explicitFileType = wrapper.cfbundle; includeInIndex = 0; path = demoAppUITests.xctest; sourceTree = BUILT_PRODUCTS_DIR; };
		C3C9BAAD25FE45A30016537B /* demoAppUITests.swift */ = {isa = PBXFileReference; lastKnownFileType = sourcecode.swift; path = demoAppUITests.swift; sourceTree = "<group>"; };
		C3C9BAAF25FE45A30016537B /* Info.plist */ = {isa = PBXFileReference; lastKnownFileType = text.plist.xml; path = Info.plist; sourceTree = "<group>"; };
		C3C9BAC825FE460E0016537B /* OSLogHelper.framework */ = {isa = PBXFileReference; explicitFileType = wrapper.framework; path = OSLogHelper.framework; sourceTree = BUILT_PRODUCTS_DIR; };
/* End PBXFileReference section */

/* Begin PBXFrameworksBuildPhase section */
		C3C9BA8A25FE45A10016537B /* Frameworks */ = {
			isa = PBXFrameworksBuildPhase;
			buildActionMask = 2147483647;
			files = (
				C3C9BAC925FE460E0016537B /* OSLogHelper.framework in Frameworks */,
			);
			runOnlyForDeploymentPostprocessing = 0;
		};
		C3C9BA9B25FE45A30016537B /* Frameworks */ = {
			isa = PBXFrameworksBuildPhase;
			buildActionMask = 2147483647;
			files = (
			);
			runOnlyForDeploymentPostprocessing = 0;
		};
		C3C9BAA625FE45A30016537B /* Frameworks */ = {
			isa = PBXFrameworksBuildPhase;
			buildActionMask = 2147483647;
			files = (
			);
			runOnlyForDeploymentPostprocessing = 0;
		};
/* End PBXFrameworksBuildPhase section */

/* Begin PBXGroup section */
		C3C9BA8425FE45A10016537B = {
			isa = PBXGroup;
			children = (
				C3C9BA8F25FE45A10016537B /* demoApp */,
				C3C9BAA125FE45A30016537B /* demoAppTests */,
				C3C9BAAC25FE45A30016537B /* demoAppUITests */,
				C3C9BA8E25FE45A10016537B /* Products */,
				C3C9BAC725FE460E0016537B /* Frameworks */,
			);
			sourceTree = "<group>";
		};
		C3C9BA8E25FE45A10016537B /* Products */ = {
			isa = PBXGroup;
			children = (
				C3C9BA8D25FE45A10016537B /* demoApp.app */,
				C3C9BA9E25FE45A30016537B /* demoAppTests.xctest */,
				C3C9BAA925FE45A30016537B /* demoAppUITests.xctest */,
			);
			name = Products;
			sourceTree = "<group>";
		};
		C3C9BA8F25FE45A10016537B /* demoApp */ = {
			isa = PBXGroup;
			children = (
				C3C9BA9025FE45A10016537B /* demoAppApp.swift */,
				C3C9BA9225FE45A10016537B /* ContentView.swift */,
				C3C9BA9425FE45A30016537B /* Assets.xcassets */,
				C3C9BA9925FE45A30016537B /* Info.plist */,
				C3C9BA9625FE45A30016537B /* Preview Content */,
			);
			path = demoApp;
			sourceTree = "<group>";
		};
		C3C9BA9625FE45A30016537B /* Preview Content */ = {
			isa = PBXGroup;
			children = (
				C3C9BA9725FE45A30016537B /* Preview Assets.xcassets */,
			);
			path = "Preview Content";
			sourceTree = "<group>";
		};
		C3C9BAA125FE45A30016537B /* demoAppTests */ = {
			isa = PBXGroup;
			children = (
				C3C9BAA225FE45A30016537B /* demoAppTests.swift */,
				C3C9BAA425FE45A30016537B /* Info.plist */,
			);
			path = demoAppTests;
			sourceTree = "<group>";
		};
		C3C9BAAC25FE45A30016537B /* demoAppUITests */ = {
			isa = PBXGroup;
			children = (
				C3C9BAAD25FE45A30016537B /* demoAppUITests.swift */,
				C3C9BAAF25FE45A30016537B /* Info.plist */,
			);
			path = demoAppUITests;
			sourceTree = "<group>";
		};
		C3C9BAC725FE460E0016537B /* Frameworks */ = {
			isa = PBXGroup;
			children = (
				C3C9BAC825FE460E0016537B /* OSLogHelper.framework */,
			);
			name = Frameworks;
			sourceTree = "<group>";
		};
/* End PBXGroup section */

/* Begin PBXNativeTarget section */
		C3C9BA8C25FE45A10016537B /* demoApp */ = {
			isa = PBXNativeTarget;
			buildConfigurationList = C3C9BAB225FE45A30016537B /* Build configuration list for PBXNativeTarget "demoApp" */;
			buildPhases = (
				C3C9BA8925FE45A10016537B /* Sources */,
				C3C9BA8A25FE45A10016537B /* Frameworks */,
				C3C9BA8B25FE45A10016537B /* Resources */,
				C3C9BACB25FE460E0016537B /* Embed Frameworks */,
			);
			buildRules = (
			);
			dependencies = (
			);
			name = demoApp;
			productName = demoApp;
			productReference = C3C9BA8D25FE45A10016537B /* demoApp.app */;
			productType = "com.apple.product-type.application";
		};
		C3C9BA9D25FE45A30016537B /* demoAppTests */ = {
			isa = PBXNativeTarget;
			buildConfigurationList = C3C9BAB525FE45A30016537B /* Build configuration list for PBXNativeTarget "demoAppTests" */;
			buildPhases = (
				C3C9BA9A25FE45A30016537B /* Sources */,
				C3C9BA9B25FE45A30016537B /* Frameworks */,
				C3C9BA9C25FE45A30016537B /* Resources */,
			);
			buildRules = (
			);
			dependencies = (
				C3C9BAA025FE45A30016537B /* PBXTargetDependency */,
			);
			name = demoAppTests;
			productName = demoAppTests;
			productReference = C3C9BA9E25FE45A30016537B /* demoAppTests.xctest */;
			productType = "com.apple.product-type.bundle.unit-test";
		};
		C3C9BAA825FE45A30016537B /* demoAppUITests */ = {
			isa = PBXNativeTarget;
			buildConfigurationList = C3C9BAB825FE45A30016537B /* Build configuration list for PBXNativeTarget "demoAppUITests" */;
			buildPhases = (
				C3C9BAA525FE45A30016537B /* Sources */,
				C3C9BAA625FE45A30016537B /* Frameworks */,
				C3C9BAA725FE45A30016537B /* Resources */,
			);
			buildRules = (
			);
			dependencies = (
				C3C9BAAB25FE45A30016537B /* PBXTargetDependency */,
			);
			name = demoAppUITests;
			productName = demoAppUITests;
			productReference = C3C9BAA925FE45A30016537B /* demoAppUITests.xctest */;
			productType = "com.apple.product-type.bundle.ui-testing";
		};
/* End PBXNativeTarget section */

/* Begin PBXProject section */
		C3C9BA8525FE45A10016537B /* Project object */ = {
			isa = PBXProject;
			attributes = {
				LastSwiftUpdateCheck = 1240;
				LastUpgradeCheck = 1240;
				TargetAttributes = {
					C3C9BA8C25FE45A10016537B = {
						CreatedOnToolsVersion = 12.4;
					};
					C3C9BA9D25FE45A30016537B = {
						CreatedOnToolsVersion = 12.4;
						TestTargetID = C3C9BA8C25FE45A10016537B;
					};
					C3C9BAA825FE45A30016537B = {
						CreatedOnToolsVersion = 12.4;
						TestTargetID = C3C9BA8C25FE45A10016537B;
					};
				};
			};
			buildConfigurationList = C3C9BA8825FE45A10016537B /* Build configuration list for PBXProject "demoApp" */;
			compatibilityVersion = "Xcode 9.3";
			developmentRegion = en;
			hasScannedForEncodings = 0;
			knownRegions = (
				en,
				Base,
			);
			mainGroup = C3C9BA8425FE45A10016537B;
			productRefGroup = C3C9BA8E25FE45A10016537B /* Products */;
			projectDirPath = "";
			projectRoot = "";
			targets = (
				C3C9BA8C25FE45A10016537B /* demoApp */,
				C3C9BA9D25FE45A30016537B /* demoAppTests */,
				C3C9BAA825FE45A30016537B /* demoAppUITests */,
			);
		};
/* End PBXProject section */

/* Begin PBXResourcesBuildPhase section */
		C3C9BA8B25FE45A10016537B /* Resources */ = {
			isa = PBXResourcesBuildPhase;
			buildActionMask = 2147483647;
			files = (
				C3C9BA9825FE45A30016537B /* Preview Assets.xcassets in Resources */,
				C3C9BA9525FE45A30016537B /* Assets.xcassets in Resources */,
			);
			runOnlyForDeploymentPostprocessing = 0;
		};
		C3C9BA9C25FE45A30016537B /* Resources */ = {
			isa = PBXResourcesBuildPhase;
			buildActionMask = 2147483647;
			files = (
			);
			runOnlyForDeploymentPostprocessing = 0;
		};
		C3C9BAA725FE45A30016537B /* Resources */ = {
			isa = PBXResourcesBuildPhase;
			buildActionMask = 2147483647;
			files = (
			);
			runOnlyForDeploymentPostprocessing = 0;
		};
/* End PBXResourcesBuildPhase section */

/* Begin PBXSourcesBuildPhase section */
		C3C9BA8925FE45A10016537B /* Sources */ = {
			isa = PBXSourcesBuildPhase;
			buildActionMask = 2147483647;
			files = (
				C3C9BA9325FE45A10016537B /* ContentView.swift in Sources */,
				C3C9BA9125FE45A10016537B /* demoAppApp.swift in Sources */,
			);
			runOnlyForDeploymentPostprocessing = 0;
		};
		C3C9BA9A25FE45A30016537B /* Sources */ = {
			isa = PBXSourcesBuildPhase;
			buildActionMask = 2147483647;
			files = (
				C3C9BAA325FE45A30016537B /* demoAppTests.swift in Sources */,
			);
			runOnlyForDeploymentPostprocessing = 0;
		};
		C3C9BAA525FE45A30016537B /* Sources */ = {
			isa = PBXSourcesBuildPhase;
			buildActionMask = 2147483647;
			files = (
				C3C9BAAE25FE45A30016537B /* demoAppUITests.swift in Sources */,
			);
			runOnlyForDeploymentPostprocessing = 0;
		};
/* End PBXSourcesBuildPhase section */

/* Begin PBXTargetDependency section */
		C3C9BAA025FE45A30016537B /* PBXTargetDependency */ = {
			isa = PBXTargetDependency;
			target = C3C9BA8C25FE45A10016537B /* demoApp */;
			targetProxy = C3C9BA9F25FE45A30016537B /* PBXContainerItemProxy */;
		};
		C3C9BAAB25FE45A30016537B /* PBXTargetDependency */ = {
			isa = PBXTargetDependency;
			target = C3C9BA8C25FE45A10016537B /* demoApp */;
			targetProxy = C3C9BAAA25FE45A30016537B /* PBXContainerItemProxy */;
		};
/* End PBXTargetDependency section */

/* Begin XCBuildConfiguration section */
		C3C9BAB025FE45A30016537B /* Debug */ = {
			isa = XCBuildConfiguration;
			buildSettings = {
				ALWAYS_SEARCH_USER_PATHS = NO;
				CLANG_ANALYZER_NONNULL = YES;
				CLANG_ANALYZER_NUMBER_OBJECT_CONVERSION = YES_AGGRESSIVE;
				CLANG_CXX_LANGUAGE_STANDARD = "gnu++14";
				CLANG_CXX_LIBRARY = "libc++";
				CLANG_ENABLE_MODULES = YES;
				CLANG_ENABLE_OBJC_ARC = YES;
				CLANG_ENABLE_OBJC_WEAK = YES;
				CLANG_WARN_BLOCK_CAPTURE_AUTORELEASING = YES;
				CLANG_WARN_BOOL_CONVERSION = YES;
				CLANG_WARN_COMMA = YES;
				CLANG_WARN_CONSTANT_CONVERSION = YES;
				CLANG_WARN_DEPRECATED_OBJC_IMPLEMENTATIONS = YES;
				CLANG_WARN_DIRECT_OBJC_ISA_USAGE = YES_ERROR;
				CLANG_WARN_DOCUMENTATION_COMMENTS = YES;
				CLANG_WARN_EMPTY_BODY = YES;
				CLANG_WARN_ENUM_CONVERSION = YES;
				CLANG_WARN_INFINITE_RECURSION = YES;
				CLANG_WARN_INT_CONVERSION = YES;
				CLANG_WARN_NON_LITERAL_NULL_CONVERSION = YES;
				CLANG_WARN_OBJC_IMPLICIT_RETAIN_SELF = YES;
				CLANG_WARN_OBJC_LITERAL_CONVERSION = YES;
				CLANG_WARN_OBJC_ROOT_CLASS = YES_ERROR;
				CLANG_WARN_QUOTED_INCLUDE_IN_FRAMEWORK_HEADER = YES;
				CLANG_WARN_RANGE_LOOP_ANALYSIS = YES;
				CLANG_WARN_STRICT_PROTOTYPES = YES;
				CLANG_WARN_SUSPICIOUS_MOVE = YES;
				CLANG_WARN_UNGUARDED_AVAILABILITY = YES_AGGRESSIVE;
				CLANG_WARN_UNREACHABLE_CODE = YES;
				CLANG_WARN__DUPLICATE_METHOD_MATCH = YES;
				COPY_PHASE_STRIP = NO;
				DEBUG_INFORMATION_FORMAT = dwarf;
				ENABLE_STRICT_OBJC_MSGSEND = YES;
				ENABLE_TESTABILITY = YES;
				GCC_C_LANGUAGE_STANDARD = gnu11;
				GCC_DYNAMIC_NO_PIC = NO;
				GCC_NO_COMMON_BLOCKS = YES;
				GCC_OPTIMIZATION_LEVEL = 0;
				GCC_PREPROCESSOR_DEFINITIONS = (
					"DEBUG=1",
					"$(inherited)",
				);
				GCC_WARN_64_TO_32_BIT_CONVERSION = YES;
				GCC_WARN_ABOUT_RETURN_TYPE = YES_ERROR;
				GCC_WARN_UNDECLARED_SELECTOR = YES;
				GCC_WARN_UNINITIALIZED_AUTOS = YES_AGGRESSIVE;
				GCC_WARN_UNUSED_FUNCTION = YES;
				GCC_WARN_UNUSED_VARIABLE = YES;
				IPHONEOS_DEPLOYMENT_TARGET = 14.4;
				MTL_ENABLE_DEBUG_INFO = INCLUDE_SOURCE;
				MTL_FAST_MATH = YES;
				ONLY_ACTIVE_ARCH = YES;
				SDKROOT = iphoneos;
				SWIFT_ACTIVE_COMPILATION_CONDITIONS = DEBUG;
				SWIFT_OPTIMIZATION_LEVEL = "-Onone";
			};
			name = Debug;
		};
		C3C9BAB125FE45A30016537B /* Release */ = {
			isa = XCBuildConfiguration;
			buildSettings = {
				ALWAYS_SEARCH_USER_PATHS = NO;
				CLANG_ANALYZER_NONNULL = YES;
				CLANG_ANALYZER_NUMBER_OBJECT_CONVERSION = YES_AGGRESSIVE;
				CLANG_CXX_LANGUAGE_STANDARD = "gnu++14";
				CLANG_CXX_LIBRARY = "libc++";
				CLANG_ENABLE_MODULES = YES;
				CLANG_ENABLE_OBJC_ARC = YES;
				CLANG_ENABLE_OBJC_WEAK = YES;
				CLANG_WARN_BLOCK_CAPTURE_AUTORELEASING = YES;
				CLANG_WARN_BOOL_CONVERSION = YES;
				CLANG_WARN_COMMA = YES;
				CLANG_WARN_CONSTANT_CONVERSION = YES;
				CLANG_WARN_DEPRECATED_OBJC_IMPLEMENTATIONS = YES;
				CLANG_WARN_DIRECT_OBJC_ISA_USAGE = YES_ERROR;
				CLANG_WARN_DOCUMENTATION_COMMENTS = YES;
				CLANG_WARN_EMPTY_BODY = YES;
				CLANG_WARN_ENUM_CONVERSION = YES;
				CLANG_WARN_INFINITE_RECURSION = YES;
				CLANG_WARN_INT_CONVERSION = YES;
				CLANG_WARN_NON_LITERAL_NULL_CONVERSION = YES;
				CLANG_WARN_OBJC_IMPLICIT_RETAIN_SELF = YES;
				CLANG_WARN_OBJC_LITERAL_CONVERSION = YES;
				CLANG_WARN_OBJC_ROOT_CLASS = YES_ERROR;
				CLANG_WARN_QUOTED_INCLUDE_IN_FRAMEWORK_HEADER = YES;
				CLANG_WARN_RANGE_LOOP_ANALYSIS = YES;
				CLANG_WARN_STRICT_PROTOTYPES = YES;
				CLANG_WARN_SUSPICIOUS_MOVE = YES;
				CLANG_WARN_UNGUARDED_AVAILABILITY = YES_AGGRESSIVE;
				CLANG_WARN_UNREACHABLE_CODE = YES;
				CLANG_WARN__DUPLICATE_METHOD_MATCH = YES;
				COPY_PHASE_STRIP = NO;
				DEBUG_INFORMATION_FORMAT = "dwarf-with-dsym";
				ENABLE_NS_ASSERTIONS = NO;
				ENABLE_STRICT_OBJC_MSGSEND = YES;
				GCC_C_LANGUAGE_STANDARD = gnu11;
				GCC_NO_COMMON_BLOCKS = YES;
				GCC_WARN_64_TO_32_BIT_CONVERSION = YES;
				GCC_WARN_ABOUT_RETURN_TYPE = YES_ERROR;
				GCC_WARN_UNDECLARED_SELECTOR = YES;
				GCC_WARN_UNINITIALIZED_AUTOS = YES_AGGRESSIVE;
				GCC_WARN_UNUSED_FUNCTION = YES;
				GCC_WARN_UNUSED_VARIABLE = YES;
				IPHONEOS_DEPLOYMENT_TARGET = 14.4;
				MTL_ENABLE_DEBUG_INFO = NO;
				MTL_FAST_MATH = YES;
				SDKROOT = iphoneos;
				SWIFT_COMPILATION_MODE = wholemodule;
				SWIFT_OPTIMIZATION_LEVEL = "-O";
				VALIDATE_PRODUCT = YES;
			};
			name = Release;
		};
		C3C9BAB325FE45A30016537B /* Debug */ = {
			isa = XCBuildConfiguration;
			buildSettings = {
				ASSETCATALOG_COMPILER_APPICON_NAME = AppIcon;
				ASSETCATALOG_COMPILER_GLOBAL_ACCENT_COLOR_NAME = AccentColor;
				CODE_SIGN_STYLE = Automatic;
				DEVELOPMENT_ASSET_PATHS = "\"demoApp/Preview Content\"";
				DEVELOPMENT_TEAM = 4R89MRW3A7;
				ENABLE_PREVIEWS = YES;
				INFOPLIST_FILE = demoApp/Info.plist;
				IPHONEOS_DEPLOYMENT_TARGET = 14.0;
				LD_RUNPATH_SEARCH_PATHS = (
					"$(inherited)",
					"@executable_path/Frameworks",
				);
				PRODUCT_BUNDLE_IDENTIFIER = me.sergei4.tools.osloghelper.demoApp;
				PRODUCT_NAME = "$(TARGET_NAME)";
				SWIFT_VERSION = 5.0;
				TARGETED_DEVICE_FAMILY = "1,2";
			};
			name = Debug;
		};
		C3C9BAB425FE45A30016537B /* Release */ = {
			isa = XCBuildConfiguration;
			buildSettings = {
				ASSETCATALOG_COMPILER_APPICON_NAME = AppIcon;
				ASSETCATALOG_COMPILER_GLOBAL_ACCENT_COLOR_NAME = AccentColor;
				CODE_SIGN_STYLE = Automatic;
				DEVELOPMENT_ASSET_PATHS = "\"demoApp/Preview Content\"";
				DEVELOPMENT_TEAM = 4R89MRW3A7;
				ENABLE_PREVIEWS = YES;
				INFOPLIST_FILE = demoApp/Info.plist;
				IPHONEOS_DEPLOYMENT_TARGET = 14.0;
				LD_RUNPATH_SEARCH_PATHS = (
					"$(inherited)",
					"@executable_path/Frameworks",
				);
				PRODUCT_BUNDLE_IDENTIFIER = me.sergei4.tools.osloghelper.demoApp;
				PRODUCT_NAME = "$(TARGET_NAME)";
				SWIFT_VERSION = 5.0;
				TARGETED_DEVICE_FAMILY = "1,2";
			};
			name = Release;
		};
		C3C9BAB625FE45A30016537B /* Debug */ = {
			isa = XCBuildConfiguration;
			buildSettings = {
				ALWAYS_EMBED_SWIFT_STANDARD_LIBRARIES = YES;
				BUNDLE_LOADER = "$(TEST_HOST)";
				CODE_SIGN_STYLE = Automatic;
				DEVELOPMENT_TEAM = 4R89MRW3A7;
				INFOPLIST_FILE = demoAppTests/Info.plist;
				IPHONEOS_DEPLOYMENT_TARGET = 14.0;
				LD_RUNPATH_SEARCH_PATHS = (
					"$(inherited)",
					"@executable_path/Frameworks",
					"@loader_path/Frameworks",
				);
				PRODUCT_BUNDLE_IDENTIFIER = me.sergei4.tools.osloghelper.demoAppTests;
				PRODUCT_NAME = "$(TARGET_NAME)";
				SWIFT_VERSION = 5.0;
				TARGETED_DEVICE_FAMILY = "1,2";
				TEST_HOST = "$(BUILT_PRODUCTS_DIR)/demoApp.app/demoApp";
			};
			name = Debug;
		};
		C3C9BAB725FE45A30016537B /* Release */ = {
			isa = XCBuildConfiguration;
			buildSettings = {
				ALWAYS_EMBED_SWIFT_STANDARD_LIBRARIES = YES;
				BUNDLE_LOADER = "$(TEST_HOST)";
				CODE_SIGN_STYLE = Automatic;
				DEVELOPMENT_TEAM = 4R89MRW3A7;
				INFOPLIST_FILE = demoAppTests/Info.plist;
				IPHONEOS_DEPLOYMENT_TARGET = 14.0;
				LD_RUNPATH_SEARCH_PATHS = (
					"$(inherited)",
					"@executable_path/Frameworks",
					"@loader_path/Frameworks",
				);
				PRODUCT_BUNDLE_IDENTIFIER = me.sergei4.tools.osloghelper.demoAppTests;
				PRODUCT_NAME = "$(TARGET_NAME)";
				SWIFT_VERSION = 5.0;
				TARGETED_DEVICE_FAMILY = "1,2";
				TEST_HOST = "$(BUILT_PRODUCTS_DIR)/demoApp.app/demoApp";
			};
			name = Release;
		};
		C3C9BAB925FE45A30016537B /* Debug */ = {
			isa = XCBuildConfiguration;
			buildSettings = {
				ALWAYS_EMBED_SWIFT_STANDARD_LIBRARIES = YES;
				CODE_SIGN_STYLE = Automatic;
				DEVELOPMENT_TEAM = 4R89MRW3A7;
				INFOPLIST_FILE = demoAppUITests/Info.plist;
				LD_RUNPATH_SEARCH_PATHS = (
					"$(inherited)",
					"@executable_path/Frameworks",
					"@loader_path/Frameworks",
				);
				PRODUCT_BUNDLE_IDENTIFIER = me.sergei4.tools.osloghelper.demoAppUITests;
				PRODUCT_NAME = "$(TARGET_NAME)";
				SWIFT_VERSION = 5.0;
				TARGETED_DEVICE_FAMILY = "1,2";
				TEST_TARGET_NAME = demoApp;
			};
			name = Debug;
		};
		C3C9BABA25FE45A30016537B /* Release */ = {
			isa = XCBuildConfiguration;
			buildSettings = {
				ALWAYS_EMBED_SWIFT_STANDARD_LIBRARIES = YES;
				CODE_SIGN_STYLE = Automatic;
				DEVELOPMENT_TEAM = 4R89MRW3A7;
				INFOPLIST_FILE = demoAppUITests/Info.plist;
				LD_RUNPATH_SEARCH_PATHS = (
					"$(inherited)",
					"@executable_path/Frameworks",
					"@loader_path/Frameworks",
				);
				PRODUCT_BUNDLE_IDENTIFIER = me.sergei4.tools.osloghelper.demoAppUITests;
				PRODUCT_NAME = "$(TARGET_NAME)";
				SWIFT_VERSION = 5.0;
				TARGETED_DEVICE_FAMILY = "1,2";
				TEST_TARGET_NAME = demoApp;
			};
			name = Release;
		};
/* End XCBuildConfiguration section */

/* Begin XCConfigurationList section */
		C3C9BA8825FE45A10016537B /* Build configuration list for PBXProject "demoApp" */ = {
			isa = XCConfigurationList;
			buildConfigurations = (
				C3C9BAB025FE45A30016537B /* Debug */,
				C3C9BAB125FE45A30016537B /* Release */,
			);
			defaultConfigurationIsVisible = 0;
			defaultConfigurationName = Release;
		};
		C3C9BAB225FE45A30016537B /* Build configuration list for PBXNativeTarget "demoApp" */ = {
			isa = XCConfigurationList;
			buildConfigurations = (
				C3C9BAB325FE45A30016537B /* Debug */,
				C3C9BAB425FE45A30016537B /* Release */,
			);
			defaultConfigurationIsVisible = 0;
			defaultConfigurationName = Release;
		};
		C3C9BAB525FE45A30016537B /* Build configuration list for PBXNativeTarget "demoAppTests" */ = {
			isa = XCConfigurationList;
			buildConfigurations = (
				C3C9BAB625FE45A30016537B /* Debug */,
				C3C9BAB725FE45A30016537B /* Release */,
			);
			defaultConfigurationIsVisible = 0;
			defaultConfigurationName = Release;
		};
		C3C9BAB825FE45A30016537B /* Build configuration list for PBXNativeTarget "demoAppUITests" */ = {
			isa = XCConfigurationList;
			buildConfigurations = (
				C3C9BAB925FE45A30016537B /* Debug */,
				C3C9BABA25FE45A30016537B /* Release */,
			);
			defaultConfigurationIsVisible = 0;
			defaultConfigurationName = Release;
		};
/* End XCConfigurationList section */
	};
	rootObject = C3C9BA8525FE45A10016537B /* Project object */;
}
